
Microsoft Visual Studio Solution File, Format Version 12.00
# Visual Studio Version 16
VisualStudioVersion = 16.0.30204.135
MinimumVisualStudioVersion = 10.0.40219.1
Project("{FAE04EC0-301F-11D3-BF4B-00C04F79EFBC}") = "X_multi-server_container", "X_multi-server_container\X_multi-server_container.csproj", "{4A7B16B2-1A54-42D8-B581-79CA5AD0F4FD}"
EndProject
Global
	GlobalSection(SolutionConfigurationPlatforms) = preSolution
		Debug|Any CPU = Debug|Any CPU
		Release|Any CPU = Release|Any CPU
	EndGlobalSection
	GlobalSection(ProjectConfigurationPlatforms) = postSolution
		{4A7B16B2-1A54-42D8-B581-79CA5AD0F4FD}.Debug|Any CPU.ActiveCfg = Debug|Any CPU
		{4A7B16B2-1A54-42D8-B581-79CA5AD0F4FD}.Debug|Any CPU.Build.0 = Debug|Any CPU
		{4A7B16B2-1A54-42D8-B581-79CA5AD0F4FD}.Release|Any CPU.ActiveCfg = Release|Any CPU
		{4A7B16B2-1A54-42D8-B581-79CA5AD0F4FD}.Release|Any CPU.Build.0 = Release|Any CPU
	EndGlobalSection
	GlobalSection(SolutionProperties) = preSolution
		HideSolutionNode = FALSE
	EndGlobalSection
	GlobalSection(ExtensibilityGlobals) = postSolution
		SolutionGuid = {7EBEC1B8-94F6-46AC-A05F-853E66B10113}
	EndGlobalSection
EndGlobal
